# This file is autogenerated, do not edit; changes may be undone by the next 'dep ensure'.


[[projects]]
  branch = "master"
  digest = "1:3830db69d1ddb5974fee06b6f657b2084de719a6b345aa24e6e84c8ab74f4838"
  name = "github.com/go-http-utils/logger"
  packages = ["."]
  pruneopts = "UT"
  revision = "f3a42dcdeae6e445c9e986b7fda289d98db10414"

[solve-meta]
  analyzer-name = "dep"
  analyzer-version = 1
  input-imports = ["github.com/go-http-utils/logger"]
  solver-name = "gps-cdcl"
  solver-version = 1
