# This file is autogenerated, do not edit; changes may be undone by the next 'dep ensure'.


[[projects]]
  branch = "master"
  name = "github.com/go-http-utils/logger"
  packages = ["."]
  revision = "f3a42dcdeae6e445c9e986b7fda289d98db10414"

[solve-meta]
  analyzer-name = "dep"
  analyzer-version = 1
  inputs-digest = "937bb86e206051a3efb33b50ef60ce38bbf3117b146cb821b1bebd351c70ad74"
  solver-name = "gps-cdcl"
  solver-version = 1
